
Microsoft Visual Studio Solution File, Format Version 12.00
# Visual Studio Version 16
VisualStudioVersion = 16.0.28803.352
MinimumVisualStudioVersion = 10.0.40219.1
Project("{8BC9CEB8-8B4A-11D0-8D11-00A0C91BC942}") = "Lab09Ex01", "Lab09Ex01\Lab09Ex01.vcxproj", "{E4904B52-7070-4852-AC84-2D4FAB6192E7}"
EndProject
Project("{8BC9CEB8-8B4A-11D0-8D11-00A0C91BC942}") = "Lab09Ex02", "Lab09Ex02\Lab09Ex02.vcxproj", "{9B5476C1-F627-405C-9BB6-D4466A7A60E1}"
EndProject
Project("{8BC9CEB8-8B4A-11D0-8D11-00A0C91BC942}") = "Lab09Ex03A", "Lab09Ex03A\Lab09Ex03A.vcxproj", "{4CD243A6-E7CE-4657-807A-C64259D8189B}"
EndProject
Project("{8BC9CEB8-8B4A-11D0-8D11-00A0C91BC942}") = "Lab09Ex03B", "Lab09Ex03B\Lab09Ex03B.vcxproj", "{EA1862C3-841C-4ACB-8E57-E37B50F9460B}"
EndProject
Project("{8BC9CEB8-8B4A-11D0-8D11-00A0C91BC942}") = "Lab09Ex03C", "Lab09Ex03C\Lab09Ex03C.vcxproj", "{3A73B393-47FF-4379-A0D5-B63D92166301}"
EndProject
Global
	GlobalSection(SolutionConfigurationPlatforms) = preSolution
		Debug|x64 = Debug|x64
		Debug|x86 = Debug|x86
		Release|x64 = Release|x64
		Release|x86 = Release|x86
	EndGlobalSection
	GlobalSection(ProjectConfigurationPlatforms) = postSolution
		{E4904B52-7070-4852-AC84-2D4FAB6192E7}.Debug|x64.ActiveCfg = Debug|x64
		{E4904B52-7070-4852-AC84-2D4FAB6192E7}.Debug|x64.Build.0 = Debug|x64
		{E4904B52-7070-4852-AC84-2D4FAB6192E7}.Debug|x86.ActiveCfg = Debug|Win32
		{E4904B52-7070-4852-AC84-2D4FAB6192E7}.Debug|x86.Build.0 = Debug|Win32
		{E4904B52-7070-4852-AC84-2D4FAB6192E7}.Release|x64.ActiveCfg = Release|x64
		{E4904B52-7070-4852-AC84-2D4FAB6192E7}.Release|x64.Build.0 = Release|x64
		{E4904B52-7070-4852-AC84-2D4FAB6192E7}.Release|x86.ActiveCfg = Release|Win32
		{E4904B52-7070-4852-AC84-2D4FAB6192E7}.Release|x86.Build.0 = Release|Win32
		{9B5476C1-F627-405C-9BB6-D4466A7A60E1}.Debug|x64.ActiveCfg = Debug|x64
		{9B5476C1-F627-405C-9BB6-D4466A7A60E1}.Debug|x64.Build.0 = Debug|x64
		{9B5476C1-F627-405C-9BB6-D4466A7A60E1}.Debug|x86.ActiveCfg = Debug|Win32
		{9B5476C1-F627-405C-9BB6-D4466A7A60E1}.Debug|x86.Build.0 = Debug|Win32
		{9B5476C1-F627-405C-9BB6-D4466A7A60E1}.Release|x64.ActiveCfg = Release|x64
		{9B5476C1-F627-405C-9BB6-D4466A7A60E1}.Release|x64.Build.0 = Release|x64
		{9B5476C1-F627-405C-9BB6-D4466A7A60E1}.Release|x86.ActiveCfg = Release|Win32
		{9B5476C1-F627-405C-9BB6-D4466A7A60E1}.Release|x86.Build.0 = Release|Win32
		{4CD243A6-E7CE-4657-807A-C64259D8189B}.Debug|x64.ActiveCfg = Debug|x64
		{4CD243A6-E7CE-4657-807A-C64259D8189B}.Debug|x64.Build.0 = Debug|x64
		{4CD243A6-E7CE-4657-807A-C64259D8189B}.Debug|x86.ActiveCfg = Debug|Win32
		{4CD243A6-E7CE-4657-807A-C64259D8189B}.Debug|x86.Build.0 = Debug|Win32
		{4CD243A6-E7CE-4657-807A-C64259D8189B}.Release|x64.ActiveCfg = Release|x64
		{4CD243A6-E7CE-4657-807A-C64259D8189B}.Release|x64.Build.0 = Release|x64
		{4CD243A6-E7CE-4657-807A-C64259D8189B}.Release|x86.ActiveCfg = Release|Win32
		{4CD243A6-E7CE-4657-807A-C64259D8189B}.Release|x86.Build.0 = Release|Win32
		{EA1862C3-841C-4ACB-8E57-E37B50F9460B}.Debug|x64.ActiveCfg = Debug|x64
		{EA1862C3-841C-4ACB-8E57-E37B50F9460B}.Debug|x64.Build.0 = Debug|x64
		{EA1862C3-841C-4ACB-8E57-E37B50F9460B}.Debug|x86.ActiveCfg = Debug|Win32
		{EA1862C3-841C-4ACB-8E57-E37B50F9460B}.Debug|x86.Build.0 = Debug|Win32
		{EA1862C3-841C-4ACB-8E57-E37B50F9460B}.Release|x64.ActiveCfg = Release|x64
		{EA1862C3-841C-4ACB-8E57-E37B50F9460B}.Release|x64.Build.0 = Release|x64
		{EA1862C3-841C-4ACB-8E57-E37B50F9460B}.Release|x86.ActiveCfg = Release|Win32
		{EA1862C3-841C-4ACB-8E57-E37B50F9460B}.Release|x86.Build.0 = Release|Win32
		{3A73B393-47FF-4379-A0D5-B63D92166301}.Debug|x64.ActiveCfg = Debug|x64
		{3A73B393-47FF-4379-A0D5-B63D92166301}.Debug|x64.Build.0 = Debug|x64
		{3A73B393-47FF-4379-A0D5-B63D92166301}.Debug|x86.ActiveCfg = Debug|Win32
		{3A73B393-47FF-4379-A0D5-B63D92166301}.Debug|x86.Build.0 = Debug|Win32
		{3A73B393-47FF-4379-A0D5-B63D92166301}.Release|x64.ActiveCfg = Release|x64
		{3A73B393-47FF-4379-A0D5-B63D92166301}.Release|x64.Build.0 = Release|x64
		{3A73B393-47FF-4379-A0D5-B63D92166301}.Release|x86.ActiveCfg = Release|Win32
		{3A73B393-47FF-4379-A0D5-B63D92166301}.Release|x86.Build.0 = Release|Win32
	EndGlobalSection
	GlobalSection(SolutionProperties) = preSolution
		HideSolutionNode = FALSE
	EndGlobalSection
	GlobalSection(ExtensibilityGlobals) = postSolution
		SolutionGuid = {77E84E04-49FD-4475-AC74-023E217C5C7F}
	EndGlobalSection
EndGlobal
